
Microsoft Visual Studio Solution File, Format Version 12.00
# Visual Studio 15
VisualStudioVersion = 15.0.28307.1022
MinimumVisualStudioVersion = 10.0.40219.1
Project("{FAE04EC0-301F-11D3-BF4B-00C04F79EFBC}") = "dhcp_simulacio", "dhcp_simulacio\dhcp_simulacio.csproj", "{DE086DDD-56B8-48C3-8821-24AD9B20F325}"
EndProject
Global
	GlobalSection(SolutionConfigurationPlatforms) = preSolution
		Debug|Any CPU = Debug|Any CPU
		Release|Any CPU = Release|Any CPU
	EndGlobalSection
	GlobalSection(ProjectConfigurationPlatforms) = postSolution
		{DE086DDD-56B8-48C3-8821-24AD9B20F325}.Debug|Any CPU.ActiveCfg = Debug|Any CPU
		{DE086DDD-56B8-48C3-8821-24AD9B20F325}.Debug|Any CPU.Build.0 = Debug|Any CPU
		{DE086DDD-56B8-48C3-8821-24AD9B20F325}.Release|Any CPU.ActiveCfg = Release|Any CPU
		{DE086DDD-56B8-48C3-8821-24AD9B20F325}.Release|Any CPU.Build.0 = Release|Any CPU
	EndGlobalSection
	GlobalSection(SolutionProperties) = preSolution
		HideSolutionNode = FALSE
	EndGlobalSection
	GlobalSection(ExtensibilityGlobals) = postSolution
		SolutionGuid = {E2D5BF73-A579-4F6C-BD47-7A6224D19AB6}
	EndGlobalSection
EndGlobal
